
Microsoft Visual Studio Solution File, Format Version 11.00
# Visual Studio 2010
Project("{FAE04EC0-301F-11D3-BF4B-00C04F79EFBC}") = "latex", "latex\latex.csproj", "{D895DB3B-80F9-4C64-A35A-27A931C13808}"
EndProject
Project("{54435603-DBB4-11D2-8724-00A0C9A8B90C}") = "E2LAddInSetup", "Setup\Setup.vdproj", "{505641FF-D403-429D-B258-0E501F0BDD27}"
EndProject
Global
	GlobalSection(SolutionConfigurationPlatforms) = preSolution
		Debug|Any CPU = Debug|Any CPU
		Release|Any CPU = Release|Any CPU
	EndGlobalSection
	GlobalSection(ProjectConfigurationPlatforms) = postSolution
		{D895DB3B-80F9-4C64-A35A-27A931C13808}.Debug|Any CPU.ActiveCfg = Debug|Any CPU
		{D895DB3B-80F9-4C64-A35A-27A931C13808}.Debug|Any CPU.Build.0 = Debug|Any CPU
		{D895DB3B-80F9-4C64-A35A-27A931C13808}.Release|Any CPU.ActiveCfg = Release|Any CPU
		{D895DB3B-80F9-4C64-A35A-27A931C13808}.Release|Any CPU.Build.0 = Release|Any CPU
		{505641FF-D403-429D-B258-0E501F0BDD27}.Debug|Any CPU.ActiveCfg = Debug
		{505641FF-D403-429D-B258-0E501F0BDD27}.Release|Any CPU.ActiveCfg = Release
	EndGlobalSection
	GlobalSection(SolutionProperties) = preSolution
		HideSolutionNode = FALSE
	EndGlobalSection
EndGlobal
